# Generated by scripts/build_examples.py. Do not edit.
#
# Hash of each example as it was when its figure was made, so --check
# can spot a figure that no longer matches its script without going
# to the network.

[examples.01_first_map_py]
file = "01_first_map.py"
script = "38ab0cf2e29746f3756493dda70ebe1f7236607ed6b67e1052eb10547aa692e5"
figure = "39ade08faf632a4003f3ae021a6f492605840fade3880c38c04360582b88b449"

[examples.02_global_mean_py]
file = "02_global_mean.py"
script = "42a22d4a275d2b1ff02bcc03001230af9a8ca06f03b2cca19bb9b167352e6a5b"
figure = "cdb2779fe97deea511bb4be60c3f538d85ee97ec4425af4a33851a42960a22e0"

[examples.03_region_bbox_py]
file = "03_region_bbox.py"
script = "28729793c21485b490141192215d1203bda967e4edeb9f54d14c301cb3ac726a"
figure = "b6aa03526058f4a2b9851e75088dc94855f7e82cdaef9b37e0dd68d845013604"

[examples.04_zonal_mean_py]
file = "04_zonal_mean.py"
script = "0478850327c4c06f9bfd28e3eed8207600bc72142375681de3a0e9c94f07840a"
figure = "625b8418e124fc26a91952eabbdb2788cb45747bd713100529f0afe497bc7105"

[examples.05_meridional_mean_py]
file = "05_meridional_mean.py"
script = "f7b47f06d145d48c5cdf92b9794e87350903872f407c654ccc491b586fac669c"
figure = "c009000fe83be2c76776f205bdf87c4f2c03217e859767c3310e50a9a90ba551"

[examples.06_hovmoeller_py]
file = "06_hovmoeller.py"
script = "7961f2a094e27035860bbdd478a1ba978fc874ab8c916a68a01b3508855c7f1c"
figure = "52b99c90ddfed108fcbe1fee6cb9b55ef57a359d1eb44f8ee992ae154932b1c8"

[examples.07_pyramid_levels_py]
file = "07_pyramid_levels.py"
script = "64053d8a6fd3445574d5c55626d6913f4d93fc2f2e9eb9a9ae580695702af0a2"
figure = "bfdf026fe6dfb4ebb1abd2109b81dbe99cc83b5ab5d1a301b397b69ba5e23368"

[examples.08_cross_dataset_py]
file = "08_cross_dataset.py"
script = "21a4b1bf5ae6e7e9b9ca8274a6489f06e07e44d51ffb9f3b1d84cbde1e98be59"
figure = "be06635f8253e1cc818ce7ae44f0e6bc91951d0e914acef7b74e7bedb4d850a3"
