# Generated by scripts/sync_shared.py. Do not edit.
#
# Hashes of the vendored files as they were written, so --check can
# tell a hand edit from a sync without going to the network.

[shared]
commit = "a56b6c1d750c2925d0e8fbda378839a5f5501398"

[shared.files]
"high-level-access.md" = "b362442751260fc6c1324c1f46b8fa2dcf74fbe4e134f6219eed96d79f1e98e6"
"technical-decisions.md" = "7f6653b8ba320343a3b2f292c497d4d1843b900be8a6428a0605d87e3a55d877"
