# Generated by scripts/sync_shared.py. Do not edit.
#
# Hashes of the vendored files as they were written, so --check can
# tell a hand edit from a sync without going to the network.

[shared]
commit = "a96e532b799df46e86542c1491a96f607cddc1e7"

[shared.files]
"high-level-access.md" = "9dda1b30221272bd71247b61f0a420763d81502176feec4c2028e9c008d02469"
"technical-decisions.md" = "415aab02d8dda8ba1636f48c4ad06f916c5cc1db91c956157eeb495572e5931c"
