# Generated by scripts/sync_shared.py. Do not edit.
#
# Hashes of the vendored files as they were written, so --check can
# tell a hand edit from a sync without going to the network.

[shared]
commit = "27511a5ffd3669a703bb392e357ff590d0a588a6"

[shared.files]
"high-level-access.md" = "e7527e1b2317337bab6e444fe427f539898d38cd7f172d42e09aac47fe21e3f4"
"technical-decisions.md" = "d23a8beafb0c2061ac58d5a61525dd0e01f61048362e53583f5f0b9a607f0eac"
